
Microsoft Visual Studio Solution File, Format Version 12.00
# Visual Studio Version 17
VisualStudioVersion = 17.13.35818.85
MinimumVisualStudioVersion = 10.0.40219.1
Project("{FAE04EC0-301F-11D3-BF4B-00C04F79EFBC}") = "AppBackend", "AppBackend\AppBackend.csproj", "{C6F7D502-D819-429C-AA32-B2601C13C2EE}"
EndProject
Project("{FAE04EC0-301F-11D3-BF4B-00C04F79EFBC}") = "AppFrontend", "AppFrontend\AppFrontend.csproj", "{48DA7BAB-5AF0-41FD-9FF5-ACE42FEF6FB6}"
EndProject
Global
	GlobalSection(SolutionConfigurationPlatforms) = preSolution
		Debug|Any CPU = Debug|Any CPU
		Release|Any CPU = Release|Any CPU
	EndGlobalSection
	GlobalSection(ProjectConfigurationPlatforms) = postSolution
		{C6F7D502-D819-429C-AA32-B2601C13C2EE}.Debug|Any CPU.ActiveCfg = Debug|Any CPU
		{C6F7D502-D819-429C-AA32-B2601C13C2EE}.Debug|Any CPU.Build.0 = Debug|Any CPU
		{C6F7D502-D819-429C-AA32-B2601C13C2EE}.Release|Any CPU.ActiveCfg = Release|Any CPU
		{C6F7D502-D819-429C-AA32-B2601C13C2EE}.Release|Any CPU.Build.0 = Release|Any CPU
		{48DA7BAB-5AF0-41FD-9FF5-ACE42FEF6FB6}.Debug|Any CPU.ActiveCfg = Debug|Any CPU
		{48DA7BAB-5AF0-41FD-9FF5-ACE42FEF6FB6}.Debug|Any CPU.Build.0 = Debug|Any CPU
		{48DA7BAB-5AF0-41FD-9FF5-ACE42FEF6FB6}.Release|Any CPU.ActiveCfg = Release|Any CPU
		{48DA7BAB-5AF0-41FD-9FF5-ACE42FEF6FB6}.Release|Any CPU.Build.0 = Release|Any CPU
	EndGlobalSection
	GlobalSection(SolutionProperties) = preSolution
		HideSolutionNode = FALSE
	EndGlobalSection
	GlobalSection(ExtensibilityGlobals) = postSolution
		SolutionGuid = {8695846A-A70D-4BAF-AFB0-B5778D174A59}
	EndGlobalSection
EndGlobal
